
Microsoft Visual Studio Solution File, Format Version 12.00
# Visual Studio 15
VisualStudioVersion = 15.0.27130.2010
MinimumVisualStudioVersion = 10.0.40219.1
Project("{FAE04EC0-301F-11D3-BF4B-00C04F79EFBC}") = "JDent", "JDent\JDent.csproj", "{A6643084-58A5-46C9-B804-C19A8CEF94FA}"
EndProject
Global
	GlobalSection(SolutionConfigurationPlatforms) = preSolution
		Debug|Any CPU = Debug|Any CPU
		Release|Any CPU = Release|Any CPU
	EndGlobalSection
	GlobalSection(ProjectConfigurationPlatforms) = postSolution
		{A6643084-58A5-46C9-B804-C19A8CEF94FA}.Debug|Any CPU.ActiveCfg = Debug|Any CPU
		{A6643084-58A5-46C9-B804-C19A8CEF94FA}.Debug|Any CPU.Build.0 = Debug|Any CPU
		{A6643084-58A5-46C9-B804-C19A8CEF94FA}.Release|Any CPU.ActiveCfg = Release|Any CPU
		{A6643084-58A5-46C9-B804-C19A8CEF94FA}.Release|Any CPU.Build.0 = Release|Any CPU
	EndGlobalSection
	GlobalSection(SolutionProperties) = preSolution
		HideSolutionNode = FALSE
	EndGlobalSection
	GlobalSection(ExtensibilityGlobals) = postSolution
		SolutionGuid = {B887BFB4-075D-48F5-9AD7-56B1EDDE6917}
	EndGlobalSection
EndGlobal
